# THIS IS AN AUTOGENERATED FILE. DO NOT EDIT THIS FILE DIRECTLY.
# yarn lockfile v1


"@glimmer/compiler@^0.39.2":
  version "0.39.2"
  resolved "https://registry.yarnpkg.com/@glimmer/compiler/-/compiler-0.39.2.tgz#7218b0efc0701c6eb64f5f85a1fbb676b0179e04"
  integrity sha512-ecORFbE7vMB4Mv0ewTJUISW0xHsWCsIzpMFOOzJJCzymgbDryiDJtfi7uhlWl8rCn2pt/XutKCvIIX1JfpaPWw==
  dependencies:
    "@glimmer/interfaces" "^0.39.2"
    "@glimmer/syntax" "^0.39.2"
    "@glimmer/util" "^0.39.2"
    "@glimmer/wire-format" "^0.39.2"

"@glimmer/encoder@^0.39.2":
  version "0.39.2"
  resolved "https://registry.yarnpkg.com/@glimmer/encoder/-/encoder-0.39.2.tgz#8a53bbdc41a58d8ffc0de0d2da223ed3fc23cee1"
  integrity sha512-m0626UR2QVdCt9Rigs61FlDkaQGx+3TPPBltdF8YW0kVRGXa55L1cajMMJZdxjroG+cFfuo5T9daAD7Ecw0+Kw==
  dependencies:
    "@glimmer/interfaces" "^0.39.2"
    "@glimmer/vm" "^0.39.2"

"@glimmer/interfaces@^0.39.2":
  version "0.39.2"
  resolved "https://registry.yarnpkg.com/@glimmer/interfaces/-/interfaces-0.39.2.tgz#56506d1f13fc14022745f08e7effad8898b29a24"
  integrity sha512-HRVavfo1AKZu6H1M12UvvW1OoGAxSe3p+Tq+gP7Kp9VzwuRctP+D7mzOzcBD8J4haJCezgFXtj4G2/93GFMJjg==

"@glimmer/low-level@^0.39.2":
  version "0.39.2"
  resolved "https://registry.yarnpkg.com/@glimmer/low-level/-/low-level-0.39.2.tgz#c76d74c7dade6cf70e817141f4482c926e48ca05"
  integrity sha512-TzTkGVXp+0H0t65zk5TGLIwrS2bhhMWqdLmX309XtEcaDboaHTRPK1j4sWRCP7+HC14ISboqiXW5hdctf7YSRw==

"@glimmer/opcode-compiler@^0.39.2":
  version "0.39.2"
  resolved "https://registry.yarnpkg.com/@glimmer/opcode-compiler/-/opcode-compiler-0.39.2.tgz#34c419e42584dfd5fa22eabd3798e7b6f2488e9d"
  integrity sha512-GgIazsOeTqMNmzbWFRHjSsK5HRPJztxHo2Zl0IbvjeAFno5J1oH2rNkcdGk7Qtmi+beOwruuMnjqhvY3JZPkxQ==
  dependencies:
    "@glimmer/encoder" "^0.39.2"
    "@glimmer/interfaces" "^0.39.2"
    "@glimmer/program" "^0.39.2"
    "@glimmer/reference" "^0.39.2"
    "@glimmer/util" "^0.39.2"
    "@glimmer/vm" "^0.39.2"
    "@glimmer/wire-format" "^0.39.2"

"@glimmer/program@^0.39.2":
  version "0.39.2"
  resolved "https://registry.yarnpkg.com/@glimmer/program/-/program-0.39.2.tgz#143c77fcb2187bc7064f99074ce3125e39203bc6"
  integrity sha512-tcMi5eRWlcNxDQ6/MmbecNXSbxiU2gMQ68mi1aNpssZLdzV73misvx9FYhJ6mtTy4DYzL1kR7ienZ3/VTqP/fA==
  dependencies:
    "@glimmer/encoder" "^0.39.2"
    "@glimmer/interfaces" "^0.39.2"
    "@glimmer/util" "^0.39.2"

"@glimmer/reference@^0.39.2":
  version "0.39.2"
  resolved "https://registry.yarnpkg.com/@glimmer/reference/-/reference-0.39.2.tgz#4e5d735f02b06c4fce84240397440131b46ded8b"
  integrity sha512-1CTiyny+LH7n0neo9cDF79xm2EjxQCTj0/vvfbG0iLCJBiqcyRvOxlIDefB0U0UgaK0xC25Wd7zs9D6yUBuAbw==
  dependencies:
    "@glimmer/util" "^0.39.2"

"@glimmer/runtime@^0.39.2":
  version "0.39.2"
  resolved "https://registry.yarnpkg.com/@glimmer/runtime/-/runtime-0.39.2.tgz#fc40697f2bee47c79f38601d8a68ea426ba343d7"
  integrity sha512-0i3mMJsovJ2QGqYs2TNgCcoTwa3WKdOVNBd4JPZX7OQDc0T6xNHqbWF0XXGN9n1PFxMzsdyMSGzMgnXLrbFfoA==
  dependencies:
    "@glimmer/interfaces" "^0.39.2"
    "@glimmer/low-level" "^0.39.2"
    "@glimmer/program" "^0.39.2"
    "@glimmer/reference" "^0.39.2"
    "@glimmer/util" "^0.39.2"
    "@glimmer/vm" "^0.39.2"
    "@glimmer/wire-format" "^0.39.2"

"@glimmer/syntax@^0.39.2":
  version "0.39.2"
  resolved "https://registry.yarnpkg.com/@glimmer/syntax/-/syntax-0.39.2.tgz#435308fe5b42729bf625b437f5d8b242aa35f4f0"
  integrity sha512-o6RAmT8x/7lZbW+yKmNa05/jfnQKtYud1PwC455jI8J2YuP334SCrSWWIzcmNRrC2j5cDZh9doQwPcrk2aWv/A==
  dependencies:
    "@glimmer/interfaces" "^0.39.2"
    "@glimmer/util" "^0.39.2"
    handlebars "^4.0.6"
    simple-html-tokenizer "^0.5.7"

"@glimmer/util@^0.39.2":
  version "0.39.2"
  resolved "https://registry.yarnpkg.com/@glimmer/util/-/util-0.39.2.tgz#ce9a2d5916f90f4b4c23ad0983d0bbb48e38cea7"
  integrity sha512-7J4D9nOkKpqu6ObHCjdJslT2+KDusyBx0Wibzo/BLvy+nGliE2O/O3oyg6tC6W/fGi3RyDakQLMX4JQWAj+emA==

"@glimmer/vm@^0.39.2":
  version "0.39.2"
  resolved "https://registry.yarnpkg.com/@glimmer/vm/-/vm-0.39.2.tgz#ef9392b8104a36e920e71737409874692b9e564e"
  integrity sha512-EZNQlrjOOE3GLOez6lCMx1LY8bzcgQiqDshr2UuGiG3qbs5ZbfySRrKhDfNwAXNEuAESwYJr+ndX9JSEiOvUhQ==
  dependencies:
    "@glimmer/interfaces" "^0.39.2"
    "@glimmer/util" "^0.39.2"

"@glimmer/wire-format@^0.39.2":
  version "0.39.2"
  resolved "https://registry.yarnpkg.com/@glimmer/wire-format/-/wire-format-0.39.2.tgz#06730951dec6b5f5cdfc2bf4b31d0243bd4f1817"
  integrity sha512-D9W7ddHiVrR4bgzwxBRKg7Cm1m4AzeqFkFJwkjCM80q5Q7SnInVIxjMEAa5oM4A06c6R3GZU6xsh3jkxsgTXEw==
  dependencies:
    "@glimmer/interfaces" "^0.39.2"
    "@glimmer/util" "^0.39.2"

"@simple-dom/document@^1.4.0":
  version "1.4.0"
  resolved "https://registry.yarnpkg.com/@simple-dom/document/-/document-1.4.0.tgz#af60855f957f284d436983798ef1006cca1a1678"
  integrity sha512-/RUeVH4kuD3rzo5/91+h4Z1meLSLP66eXqpVAw/4aZmYozkeqUkMprq0znL4psX/adEed5cBgiNJcfMz/eKZLg==
  dependencies:
    "@simple-dom/interface" "^1.4.0"

"@simple-dom/interface@^1.4.0":
  version "1.4.0"
  resolved "https://registry.yarnpkg.com/@simple-dom/interface/-/interface-1.4.0.tgz#e8feea579232017f89b0138e2726facda6fbb71f"
  integrity sha512-l5qumKFWU0S+4ZzMaLXFU8tQZsicHEMEyAxI5kDFGhJsRqDwe0a7/iPA/GdxlGyDKseQQAgIz5kzU7eXTrlSpA==

"@simple-dom/serializer@^1.4.0":
  version "1.4.0"
  resolved "https://registry.yarnpkg.com/@simple-dom/serializer/-/serializer-1.4.0.tgz#98470f357f418d72b1a1ec78d68191e60aefe215"
  integrity sha512-mI1yRahsVs8atXLiQksineDsFEFqeG7RHwnnBTDOK6inbzl4tZQgjR+Z7edjgIJq5j5RhZvwPI6EuCji9B3eQw==
  dependencies:
    "@simple-dom/interface" "^1.4.0"

"@simple-dom/void-map@^1.4.0":
  version "1.4.0"
  resolved "https://registry.yarnpkg.com/@simple-dom/void-map/-/void-map-1.4.0.tgz#f15f07568fe1076740407266aa5e6eac249bc78c"
  integrity sha512-VDhLEyVCbuhOBBgHol9ShzIv9O8UCzdXeH4FoXu2DOcu/nnvTjLTck+BgXsCLv5ynDiUdoqsREEVFnoyPpFKVw==

async@^2.5.0:
  version "2.6.1"
  resolved "https://registry.yarnpkg.com/async/-/async-2.6.1.tgz#b245a23ca71930044ec53fa46aa00a3e87c6a610"
  integrity sha512-fNEiL2+AZt6AlAw/29Cr0UDe4sRAHCpEHh54WMz+Bb7QfNcFw4h3loofyJpLeQs4Yx7yuqu/2dLgM5hKOs6HlQ==
  dependencies:
    lodash "^4.17.10"

commander@~2.17.1:
  version "2.17.1"
  resolved "https://registry.yarnpkg.com/commander/-/commander-2.17.1.tgz#bd77ab7de6de94205ceacc72f1716d29f20a77bf"
  integrity sha512-wPMUt6FnH2yzG95SA6mzjQOEKUU3aLaDEmzs1ti+1E9h+CsrZghRlqEM/EJ4KscsQVG8uNN4uVreUeT8+drlgg==

handlebars@^4.0.6:
  version "4.1.0"
  resolved "https://registry.yarnpkg.com/handlebars/-/handlebars-4.1.0.tgz#0d6a6f34ff1f63cecec8423aa4169827bf787c3a"
  integrity sha512-l2jRuU1NAWK6AW5qqcTATWQJvNPEwkM7NEKSiv/gqOsoSQbVoWyqVEY5GS+XPQ88zLNmqASRpzfdm8d79hJS+w==
  dependencies:
    async "^2.5.0"
    optimist "^0.6.1"
    source-map "^0.6.1"
  optionalDependencies:
    uglify-js "^3.1.4"

lodash@^4.17.10:
  version "4.17.11"
  resolved "https://registry.yarnpkg.com/lodash/-/lodash-4.17.11.tgz#b39ea6229ef607ecd89e2c8df12536891cac9b8d"
  integrity sha512-cQKh8igo5QUhZ7lg38DYWAxMvjSAKG0A8wGSVimP07SIUEK2UO+arSRKbRZWtelMtN5V0Hkwh5ryOto/SshYIg==

minimist@~0.0.1:
  version "0.0.10"
  resolved "https://registry.yarnpkg.com/minimist/-/minimist-0.0.10.tgz#de3f98543dbf96082be48ad1a0c7cda836301dcf"
  integrity sha1-3j+YVD2/lggr5IrRoMfNqDYwHc8=

optimist@^0.6.1:
  version "0.6.1"
  resolved "https://registry.yarnpkg.com/optimist/-/optimist-0.6.1.tgz#da3ea74686fa21a19a111c326e90eb15a0196686"
  integrity sha1-2j6nRob6IaGaERwybpDrFaAZZoY=
  dependencies:
    minimist "~0.0.1"
    wordwrap "~0.0.2"

simple-html-tokenizer@^0.5.7:
  version "0.5.7"
  resolved "https://registry.yarnpkg.com/simple-html-tokenizer/-/simple-html-tokenizer-0.5.7.tgz#8eca336ecfbe2b3c6166cbb31b2682088de79f40"
  integrity sha512-APW9iYbkJ5cijjX4Ljhf3VG8SwYPUJT5gZrwci/wieMabQxWFiV5VwsrP5c6GMRvXKEQMGkAB1d9dvW66dTqpg==

source-map@^0.6.1, source-map@~0.6.1:
  version "0.6.1"
  resolved "https://registry.yarnpkg.com/source-map/-/source-map-0.6.1.tgz#74722af32e9614e9c287a8d0bbde48b5e2f1a263"
  integrity sha512-UjgapumWlbMhkBgzT7Ykc5YXUT46F0iKu8SGXq0bcwP5dz/h0Plj6enJqjz1Zbq2l5WaqYnrVbwWOWMyF3F47g==

uglify-js@^3.1.4:
  version "3.4.9"
  resolved "https://registry.yarnpkg.com/uglify-js/-/uglify-js-3.4.9.tgz#af02f180c1207d76432e473ed24a28f4a782bae3"
  integrity sha512-8CJsbKOtEbnJsTyv6LE6m6ZKniqMiFWmm9sRbopbkGs3gMPPfd3Fh8iIA4Ykv5MgaTbqHr4BaoGLJLZNhsrW1Q==
  dependencies:
    commander "~2.17.1"
    source-map "~0.6.1"

wordwrap@~0.0.2:
  version "0.0.3"
  resolved "https://registry.yarnpkg.com/wordwrap/-/wordwrap-0.0.3.tgz#a3d5da6cd5c0bc0008d37234bbaf1bed63059107"
  integrity sha1-o9XabNXAvAAI03I0u68b7WMFkQc=
